
Microsoft Visual Studio Solution File, Format Version 12.00
# Visual Studio 15
VisualStudioVersion = 15.0.26124.0
MinimumVisualStudioVersion = 15.0.26124.0
Project("{FAE04EC0-301F-11D3-BF4B-00C04F79EFBC}") = "Forma-1", "Forma-1\Forma-1.csproj", "{5C713204-95A5-43B8-AA22-CB9011EEE508}"
EndProject
Project("{FAE04EC0-301F-11D3-BF4B-00C04F79EFBC}") = "BLL", "BLL\BLL.csproj", "{5D737D41-1AC4-48E4-8307-9D994BE6C88E}"
EndProject
Project("{FAE04EC0-301F-11D3-BF4B-00C04F79EFBC}") = "DAL", "DAL\DAL.csproj", "{ED584B67-AF87-468D-988E-F12FBF445AC1}"
EndProject
Project("{FAE04EC0-301F-11D3-BF4B-00C04F79EFBC}") = "Model", "Model\Model.csproj", "{9B7DCB1A-1B1A-437C-ACC9-27E13DA4F66C}"
EndProject
Global
	GlobalSection(SolutionProperties) = preSolution
		HideSolutionNode = FALSE
	EndGlobalSection
	GlobalSection(SolutionConfigurationPlatforms) = preSolution
		Debug|Any CPU = Debug|Any CPU
		Debug|x64 = Debug|x64
		Debug|x86 = Debug|x86
		Release|Any CPU = Release|Any CPU
		Release|x64 = Release|x64
		Release|x86 = Release|x86
	EndGlobalSection
	GlobalSection(ProjectConfigurationPlatforms) = postSolution
		{5C713204-95A5-43B8-AA22-CB9011EEE508}.Debug|Any CPU.ActiveCfg = Debug|Any CPU
		{5C713204-95A5-43B8-AA22-CB9011EEE508}.Debug|Any CPU.Build.0 = Debug|Any CPU
		{5C713204-95A5-43B8-AA22-CB9011EEE508}.Debug|x64.ActiveCfg = Debug|Any CPU
		{5C713204-95A5-43B8-AA22-CB9011EEE508}.Debug|x64.Build.0 = Debug|Any CPU
		{5C713204-95A5-43B8-AA22-CB9011EEE508}.Debug|x86.ActiveCfg = Debug|Any CPU
		{5C713204-95A5-43B8-AA22-CB9011EEE508}.Debug|x86.Build.0 = Debug|Any CPU
		{5C713204-95A5-43B8-AA22-CB9011EEE508}.Release|Any CPU.ActiveCfg = Release|Any CPU
		{5C713204-95A5-43B8-AA22-CB9011EEE508}.Release|Any CPU.Build.0 = Release|Any CPU
		{5C713204-95A5-43B8-AA22-CB9011EEE508}.Release|x64.ActiveCfg = Release|Any CPU
		{5C713204-95A5-43B8-AA22-CB9011EEE508}.Release|x64.Build.0 = Release|Any CPU
		{5C713204-95A5-43B8-AA22-CB9011EEE508}.Release|x86.ActiveCfg = Release|Any CPU
		{5C713204-95A5-43B8-AA22-CB9011EEE508}.Release|x86.Build.0 = Release|Any CPU
		{5D737D41-1AC4-48E4-8307-9D994BE6C88E}.Debug|Any CPU.ActiveCfg = Debug|Any CPU
		{5D737D41-1AC4-48E4-8307-9D994BE6C88E}.Debug|Any CPU.Build.0 = Debug|Any CPU
		{5D737D41-1AC4-48E4-8307-9D994BE6C88E}.Debug|x64.ActiveCfg = Debug|Any CPU
		{5D737D41-1AC4-48E4-8307-9D994BE6C88E}.Debug|x64.Build.0 = Debug|Any CPU
		{5D737D41-1AC4-48E4-8307-9D994BE6C88E}.Debug|x86.ActiveCfg = Debug|Any CPU
		{5D737D41-1AC4-48E4-8307-9D994BE6C88E}.Debug|x86.Build.0 = Debug|Any CPU
		{5D737D41-1AC4-48E4-8307-9D994BE6C88E}.Release|Any CPU.ActiveCfg = Release|Any CPU
		{5D737D41-1AC4-48E4-8307-9D994BE6C88E}.Release|Any CPU.Build.0 = Release|Any CPU
		{5D737D41-1AC4-48E4-8307-9D994BE6C88E}.Release|x64.ActiveCfg = Release|Any CPU
		{5D737D41-1AC4-48E4-8307-9D994BE6C88E}.Release|x64.Build.0 = Release|Any CPU
		{5D737D41-1AC4-48E4-8307-9D994BE6C88E}.Release|x86.ActiveCfg = Release|Any CPU
		{5D737D41-1AC4-48E4-8307-9D994BE6C88E}.Release|x86.Build.0 = Release|Any CPU
		{ED584B67-AF87-468D-988E-F12FBF445AC1}.Debug|Any CPU.ActiveCfg = Debug|Any CPU
		{ED584B67-AF87-468D-988E-F12FBF445AC1}.Debug|Any CPU.Build.0 = Debug|Any CPU
		{ED584B67-AF87-468D-988E-F12FBF445AC1}.Debug|x64.ActiveCfg = Debug|Any CPU
		{ED584B67-AF87-468D-988E-F12FBF445AC1}.Debug|x64.Build.0 = Debug|Any CPU
		{ED584B67-AF87-468D-988E-F12FBF445AC1}.Debug|x86.ActiveCfg = Debug|Any CPU
		{ED584B67-AF87-468D-988E-F12FBF445AC1}.Debug|x86.Build.0 = Debug|Any CPU
		{ED584B67-AF87-468D-988E-F12FBF445AC1}.Release|Any CPU.ActiveCfg = Release|Any CPU
		{ED584B67-AF87-468D-988E-F12FBF445AC1}.Release|Any CPU.Build.0 = Release|Any CPU
		{ED584B67-AF87-468D-988E-F12FBF445AC1}.Release|x64.ActiveCfg = Release|Any CPU
		{ED584B67-AF87-468D-988E-F12FBF445AC1}.Release|x64.Build.0 = Release|Any CPU
		{ED584B67-AF87-468D-988E-F12FBF445AC1}.Release|x86.ActiveCfg = Release|Any CPU
		{ED584B67-AF87-468D-988E-F12FBF445AC1}.Release|x86.Build.0 = Release|Any CPU
		{9B7DCB1A-1B1A-437C-ACC9-27E13DA4F66C}.Debug|Any CPU.ActiveCfg = Debug|Any CPU
		{9B7DCB1A-1B1A-437C-ACC9-27E13DA4F66C}.Debug|Any CPU.Build.0 = Debug|Any CPU
		{9B7DCB1A-1B1A-437C-ACC9-27E13DA4F66C}.Debug|x64.ActiveCfg = Debug|Any CPU
		{9B7DCB1A-1B1A-437C-ACC9-27E13DA4F66C}.Debug|x64.Build.0 = Debug|Any CPU
		{9B7DCB1A-1B1A-437C-ACC9-27E13DA4F66C}.Debug|x86.ActiveCfg = Debug|Any CPU
		{9B7DCB1A-1B1A-437C-ACC9-27E13DA4F66C}.Debug|x86.Build.0 = Debug|Any CPU
		{9B7DCB1A-1B1A-437C-ACC9-27E13DA4F66C}.Release|Any CPU.ActiveCfg = Release|Any CPU
		{9B7DCB1A-1B1A-437C-ACC9-27E13DA4F66C}.Release|Any CPU.Build.0 = Release|Any CPU
		{9B7DCB1A-1B1A-437C-ACC9-27E13DA4F66C}.Release|x64.ActiveCfg = Release|Any CPU
		{9B7DCB1A-1B1A-437C-ACC9-27E13DA4F66C}.Release|x64.Build.0 = Release|Any CPU
		{9B7DCB1A-1B1A-437C-ACC9-27E13DA4F66C}.Release|x86.ActiveCfg = Release|Any CPU
		{9B7DCB1A-1B1A-437C-ACC9-27E13DA4F66C}.Release|x86.Build.0 = Release|Any CPU
	EndGlobalSection
EndGlobal
